// !$*UTF8*$!
{
	archiveVersion = 1;
	classes = {
	};
	objectVersion = 50;
	objects = {

/* Begin PBXBuildFile section */
		B4BA2C7F20EA520B00CA362E /* AppDelegate.m in Sources */ = {isa = PBXBuildFile; fileRef = B4BA2C7E20EA520B00CA362E /* AppDelegate.m */; };
		B4BA2C8220EA520B00CA362E /* ViewController.m in Sources */ = {isa = PBXBuildFile; fileRef = B4BA2C8120EA520B00CA362E /* ViewController.m */; };
		B4BA2C8520EA520B00CA362E /* Main.storyboard in Resources */ = {isa = PBXBuildFile; fileRef = B4BA2C8320EA520B00CA362E /* Main.storyboard */; };
		B4BA2C8720EA520C00CA362E /* Assets.xcassets in Resources */ = {isa = PBXBuildFile; fileRef = B4BA2C8620EA520C00CA362E /* Assets.xcassets */; };
		B4BA2C8A20EA520C00CA362E /* LaunchScreen.storyboard in Resources */ = {isa = PBXBuildFile; fileRef = B4BA2C8820EA520C00CA362E /* LaunchScreen.storyboard */; };
		B4BA2C8D20EA520C00CA362E /* main.m in Sources */ = {isa = PBXBuildFile; fileRef = B4BA2C8C20EA520C00CA362E /* main.m */; };
		B4BA2C9720EA524500CA362E /* DIXGlobalView.m in Sources */ = {isa = PBXBuildFile; fileRef = B4BA2C9620EA524500CA362E /* DIXGlobalView.m */; };
/* End PBXBuildFile section */

/* Begin PBXFileReference section */
		B4BA2C7A20EA520B00CA362E /* GlobalLabel.app */ = {isa = PBXFileReference; explicitFileType = wrapper.application; includeInIndex = 0; path = GlobalLabel.app; sourceTree = BUILT_PRODUCTS_DIR; };
		B4BA2C7D20EA520B00CA362E /* AppDelegate.h */ = {isa = PBXFileReference; lastKnownFileType = sourcecode.c.h; path = AppDelegate.h; sourceTree = "<group>"; };
		B4BA2C7E20EA520B00CA362E /* AppDelegate.m */ = {isa = PBXFileReference; lastKnownFileType = sourcecode.c.objc; path = AppDelegate.m; sourceTree = "<group>"; };
		B4BA2C8020EA520B00CA362E /* ViewController.h */ = {isa = PBXFileReference; lastKnownFileType = sourcecode.c.h; path = ViewController.h; sourceTree = "<group>"; };
		B4BA2C8120EA520B00CA362E /* ViewController.m */ = {isa = PBXFileReference; lastKnownFileType = sourcecode.c.objc; path = ViewController.m; sourceTree = "<group>"; };
		B4BA2C8420EA520B00CA362E /* Base */ = {isa = PBXFileReference; lastKnownFileType = file.storyboard; name = Base; path = Base.lproj/Main.storyboard; sourceTree = "<group>"; };
		B4BA2C8620EA520C00CA362E /* Assets.xcassets */ = {isa = PBXFileReference; lastKnownFileType = folder.assetcatalog; path = Assets.xcassets; sourceTree = "<group>"; };
		B4BA2C8920EA520C00CA362E /* Base */ = {isa = PBXFileReference; lastKnownFileType = file.storyboard; name = Base; path = Base.lproj/LaunchScreen.storyboard; sourceTree = "<group>"; };
		B4BA2C8B20EA520C00CA362E /* Info.plist */ = {isa = PBXFileReference; lastKnownFileType = text.plist.xml; path = Info.plist; sourceTree = "<group>"; };
		B4BA2C8C20EA520C00CA362E /* main.m */ = {isa = PBXFileReference; lastKnownFileType = sourcecode.c.objc; path = main.m; sourceTree = "<group>"; };
		B4BA2C9320EA521B00CA362E /* DIXPoint.h */ = {isa = PBXFileReference; lastKnownFileType = sourcecode.c.h; path = DIXPoint.h; sourceTree = "<group>"; };
		B4BA2C9420EA522600CA362E /* DIXMatrix.h */ = {isa = PBXFileReference; lastKnownFileType = sourcecode.c.h; path = DIXMatrix.h; sourceTree = "<group>"; };
		B4BA2C9520EA524500CA362E /* DIXGlobalView.h */ = {isa = PBXFileReference; lastKnownFileType = sourcecode.c.h; path = DIXGlobalView.h; sourceTree = "<group>"; };
		B4BA2C9620EA524500CA362E /* DIXGlobalView.m */ = {isa = PBXFileReference; lastKnownFileType = sourcecode.c.objc; path = DIXGlobalView.m; sourceTree = "<group>"; };
/* End PBXFileReference section */

/* Begin PBXFrameworksBuildPhase section */
		B4BA2C7720EA520B00CA362E /* Frameworks */ = {
			isa = PBXFrameworksBuildPhase;
			buildActionMask = 2147483647;
			files = (
			);
			runOnlyForDeploymentPostprocessing = 0;
		};
/* End PBXFrameworksBuildPhase section */

/* Begin PBXGroup section */
		B4BA2C7120EA520B00CA362E = {
			isa = PBXGroup;
			children = (
				B4BA2C7C20EA520B00CA362E /* GlobalLabel */,
				B4BA2C7B20EA520B00CA362E /* Products */,
			);
			sourceTree = "<group>";
		};
		B4BA2C7B20EA520B00CA362E /* Products */ = {
			isa = PBXGroup;
			children = (
				B4BA2C7A20EA520B00CA362E /* GlobalLabel.app */,
			);
			name = Products;
			sourceTree = "<group>";
		};
		B4BA2C7C20EA520B00CA362E /* GlobalLabel */ = {
			isa = PBXGroup;
			children = (
				B4BA2C7D20EA520B00CA362E /* AppDelegate.h */,
				B4BA2C7E20EA520B00CA362E /* AppDelegate.m */,
				B4BA2C8020EA520B00CA362E /* ViewController.h */,
				B4BA2C8120EA520B00CA362E /* ViewController.m */,
				B4BA2C9320EA521B00CA362E /* DIXPoint.h */,
				B4BA2C9420EA522600CA362E /* DIXMatrix.h */,
				B4BA2C9520EA524500CA362E /* DIXGlobalView.h */,
				B4BA2C9620EA524500CA362E /* DIXGlobalView.m */,
				B4BA2C8320EA520B00CA362E /* Main.storyboard */,
				B4BA2C8620EA520C00CA362E /* Assets.xcassets */,
				B4BA2C8820EA520C00CA362E /* LaunchScreen.storyboard */,
				B4BA2C8B20EA520C00CA362E /* Info.plist */,
				B4BA2C8C20EA520C00CA362E /* main.m */,
			);
			path = GlobalLabel;
			sourceTree = "<group>";
		};
/* End PBXGroup section */

/* Begin PBXNativeTarget section */
		B4BA2C7920EA520B00CA362E /* GlobalLabel */ = {
			isa = PBXNativeTarget;
			buildConfigurationList = B4BA2C9020EA520C00CA362E /* Build configuration list for PBXNativeTarget "GlobalLabel" */;
			buildPhases = (
				B4BA2C7620EA520B00CA362E /* Sources */,
				B4BA2C7720EA520B00CA362E /* Frameworks */,
				B4BA2C7820EA520B00CA362E /* Resources */,
			);
			buildRules = (
			);
			dependencies = (
			);
			name = GlobalLabel;
			productName = GlobalLabel;
			productReference = B4BA2C7A20EA520B00CA362E /* GlobalLabel.app */;
			productType = "com.apple.product-type.application";
		};
/* End PBXNativeTarget section */

/* Begin PBXProject section */
		B4BA2C7220EA520B00CA362E /* Project object */ = {
			isa = PBXProject;
			attributes = {
				LastUpgradeCheck = 0940;
				ORGANIZATIONNAME = "Shannon MYang";
				TargetAttributes = {
					B4BA2C7920EA520B00CA362E = {
						CreatedOnToolsVersion = 9.4.1;
					};
				};
			};
			buildConfigurationList = B4BA2C7520EA520B00CA362E /* Build configuration list for PBXProject "GlobalLabel" */;
			compatibilityVersion = "Xcode 9.3";
			developmentRegion = en;
			hasScannedForEncodings = 0;
			knownRegions = (
				en,
				Base,
			);
			mainGroup = B4BA2C7120EA520B00CA362E;
			productRefGroup = B4BA2C7B20EA520B00CA362E /* Products */;
			projectDirPath = "";
			projectRoot = "";
			targets = (
				B4BA2C7920EA520B00CA362E /* GlobalLabel */,
			);
		};
/* End PBXProject section */

/* Begin PBXResourcesBuildPhase section */
		B4BA2C7820EA520B00CA362E /* Resources */ = {
			isa = PBXResourcesBuildPhase;
			buildActionMask = 2147483647;
			files = (
				B4BA2C8A20EA520C00CA362E /* LaunchScreen.storyboard in Resources */,
				B4BA2C8720EA520C00CA362E /* Assets.xcassets in Resources */,
				B4BA2C8520EA520B00CA362E /* Main.storyboard in Resources */,
			);
			runOnlyForDeploymentPostprocessing = 0;
		};
/* End PBXResourcesBuildPhase section */

/* Begin PBXSourcesBuildPhase section */
		B4BA2C7620EA520B00CA362E /* Sources */ = {
			isa = PBXSourcesBuildPhase;
			buildActionMask = 2147483647;
			files = (
				B4BA2C8220EA520B00CA362E /* ViewController.m in Sources */,
				B4BA2C8D20EA520C00CA362E /* main.m in Sources */,
				B4BA2C7F20EA520B00CA362E /* AppDelegate.m in Sources */,
				B4BA2C9720EA524500CA362E /* DIXGlobalView.m in Sources */,
			);
			runOnlyForDeploymentPostprocessing = 0;
		};
/* End PBXSourcesBuildPhase section */

/* Begin PBXVariantGroup section */
		B4BA2C8320EA520B00CA362E /* Main.storyboard */ = {
			isa = PBXVariantGroup;
			children = (
				B4BA2C8420EA520B00CA362E /* Base */,
			);
			name = Main.storyboard;
			sourceTree = "<group>";
		};
		B4BA2C8820EA520C00CA362E /* LaunchScreen.storyboard */ = {
			isa = PBXVariantGroup;
			children = (
				B4BA2C8920EA520C00CA362E /* Base */,
			);
			name = LaunchScreen.storyboard;
			sourceTree = "<group>";
		};
/* End PBXVariantGroup section */

/* Begin XCBuildConfiguration section */
		B4BA2C8E20EA520C00CA362E /* Debug */ = {
			isa = XCBuildConfiguration;
			buildSettings = {
				ALWAYS_SEARCH_USER_PATHS = NO;
				CLANG_ANALYZER_NONNULL = YES;
				CLANG_ANALYZER_NUMBER_OBJECT_CONVERSION = YES_AGGRESSIVE;
				CLANG_CXX_LANGUAGE_STANDARD = "gnu++14";
				CLANG_CXX_LIBRARY = "libc++";
				CLANG_ENABLE_MODULES = YES;
				CLANG_ENABLE_OBJC_ARC = YES;
				CLANG_ENABLE_OBJC_WEAK = YES;
				CLANG_WARN_BLOCK_CAPTURE_AUTORELEASING = YES;
				CLANG_WARN_BOOL_CONVERSION = YES;
				CLANG_WARN_COMMA = YES;
				CLANG_WARN_CONSTANT_CONVERSION = YES;
				CLANG_WARN_DEPRECATED_OBJC_IMPLEMENTATIONS = YES;
				CLANG_WARN_DIRECT_OBJC_ISA_USAGE = YES_ERROR;
				CLANG_WARN_DOCUMENTATION_COMMENTS = YES;
				CLANG_WARN_EMPTY_BODY = YES;
				CLANG_WARN_ENUM_CONVERSION = YES;
				CLANG_WARN_INFINITE_RECURSION = YES;
				CLANG_WARN_INT_CONVERSION = YES;
				CLANG_WARN_NON_LITERAL_NULL_CONVERSION = YES;
				CLANG_WARN_OBJC_IMPLICIT_RETAIN_SELF = YES;
				CLANG_WARN_OBJC_LITERAL_CONVERSION = YES;
				CLANG_WARN_OBJC_ROOT_CLASS = YES_ERROR;
				CLANG_WARN_RANGE_LOOP_ANALYSIS = YES;
				CLANG_WARN_STRICT_PROTOTYPES = YES;
				CLANG_WARN_SUSPICIOUS_MOVE = YES;
				CLANG_WARN_UNGUARDED_AVAILABILITY = YES_AGGRESSIVE;
				CLANG_WARN_UNREACHABLE_CODE = YES;
				CLANG_WARN__DUPLICATE_METHOD_MATCH = YES;
				CODE_SIGN_IDENTITY = "iPhone Developer";
				COPY_PHASE_STRIP = NO;
				DEBUG_INFORMATION_FORMAT = dwarf;
				ENABLE_STRICT_OBJC_MSGSEND = YES;
				ENABLE_TESTABILITY = YES;
				GCC_C_LANGUAGE_STANDARD = gnu11;
				GCC_DYNAMIC_NO_PIC = NO;
				GCC_NO_COMMON_BLOCKS = YES;
				GCC_OPTIMIZATION_LEVEL = 0;
				GCC_PREPROCESSOR_DEFINITIONS = (
					"DEBUG=1",
					"$(inherited)",
				);
				GCC_WARN_64_TO_32_BIT_CONVERSION = YES;
				GCC_WARN_ABOUT_RETURN_TYPE = YES_ERROR;
				GCC_WARN_UNDECLARED_SELECTOR = YES;
				GCC_WARN_UNINITIALIZED_AUTOS = YES_AGGRESSIVE;
				GCC_WARN_UNUSED_FUNCTION = YES;
				GCC_WARN_UNUSED_VARIABLE = YES;
				IPHONEOS_DEPLOYMENT_TARGET = 11.4;
				MTL_ENABLE_DEBUG_INFO = YES;
				ONLY_ACTIVE_ARCH = YES;
				SDKROOT = iphoneos;
			};
			name = Debug;
		};
		B4BA2C8F20EA520C00CA362E /* Release */ = {
			isa = XCBuildConfiguration;
			buildSettings = {
				ALWAYS_SEARCH_USER_PATHS = NO;
				CLANG_ANALYZER_NONNULL = YES;
				CLANG_ANALYZER_NUMBER_OBJECT_CONVERSION = YES_AGGRESSIVE;
				CLANG_CXX_LANGUAGE_STANDARD = "gnu++14";
				CLANG_CXX_LIBRARY = "libc++";
				CLANG_ENABLE_MODULES = YES;
				CLANG_ENABLE_OBJC_ARC = YES;
				CLANG_ENABLE_OBJC_WEAK = YES;
				CLANG_WARN_BLOCK_CAPTURE_AUTORELEASING = YES;
				CLANG_WARN_BOOL_CONVERSION = YES;
				CLANG_WARN_COMMA = YES;
				CLANG_WARN_CONSTANT_CONVERSION = YES;
				CLANG_WARN_DEPRECATED_OBJC_IMPLEMENTATIONS = YES;
				CLANG_WARN_DIRECT_OBJC_ISA_USAGE = YES_ERROR;
				CLANG_WARN_DOCUMENTATION_COMMENTS = YES;
				CLANG_WARN_EMPTY_BODY = YES;
				CLANG_WARN_ENUM_CONVERSION = YES;
				CLANG_WARN_INFINITE_RECURSION = YES;
				CLANG_WARN_INT_CONVERSION = YES;
				CLANG_WARN_NON_LITERAL_NULL_CONVERSION = YES;
				CLANG_WARN_OBJC_IMPLICIT_RETAIN_SELF = YES;
				CLANG_WARN_OBJC_LITERAL_CONVERSION = YES;
				CLANG_WARN_OBJC_ROOT_CLASS = YES_ERROR;
				CLANG_WARN_RANGE_LOOP_ANALYSIS = YES;
				CLANG_WARN_STRICT_PROTOTYPES = YES;
				CLANG_WARN_SUSPICIOUS_MOVE = YES;
				CLANG_WARN_UNGUARDED_AVAILABILITY = YES_AGGRESSIVE;
				CLANG_WARN_UNREACHABLE_CODE = YES;
				CLANG_WARN__DUPLICATE_METHOD_MATCH = YES;
				CODE_SIGN_IDENTITY = "iPhone Developer";
				COPY_PHASE_STRIP = NO;
				DEBUG_INFORMATION_FORMAT = "dwarf-with-dsym";
				ENABLE_NS_ASSERTIONS = NO;
				ENABLE_STRICT_OBJC_MSGSEND = YES;
				GCC_C_LANGUAGE_STANDARD = gnu11;
				GCC_NO_COMMON_BLOCKS = YES;
				GCC_WARN_64_TO_32_BIT_CONVERSION = YES;
				GCC_WARN_ABOUT_RETURN_TYPE = YES_ERROR;
				GCC_WARN_UNDECLARED_SELECTOR = YES;
				GCC_WARN_UNINITIALIZED_AUTOS = YES_AGGRESSIVE;
				GCC_WARN_UNUSED_FUNCTION = YES;
				GCC_WARN_UNUSED_VARIABLE = YES;
				IPHONEOS_DEPLOYMENT_TARGET = 11.4;
				MTL_ENABLE_DEBUG_INFO = NO;
				SDKROOT = iphoneos;
				VALIDATE_PRODUCT = YES;
			};
			name = Release;
		};
		B4BA2C9120EA520C00CA362E /* Debug */ = {
			isa = XCBuildConfiguration;
			buildSettings = {
				ASSETCATALOG_COMPILER_APPICON_NAME = AppIcon;
				CODE_SIGN_STYLE = Automatic;
				INFOPLIST_FILE = GlobalLabel/Info.plist;
				LD_RUNPATH_SEARCH_PATHS = (
					"$(inherited)",
					"@executable_path/Frameworks",
				);
				PRODUCT_BUNDLE_IDENTIFIER = tk.xiukun.www.GlobalLabel;
				PRODUCT_NAME = "$(TARGET_NAME)";
				TARGETED_DEVICE_FAMILY = "1,2";
			};
			name = Debug;
		};
		B4BA2C9220EA520C00CA362E /* Release */ = {
			isa = XCBuildConfiguration;
			buildSettings = {
				ASSETCATALOG_COMPILER_APPICON_NAME = AppIcon;
				CODE_SIGN_STYLE = Automatic;
				INFOPLIST_FILE = GlobalLabel/Info.plist;
				LD_RUNPATH_SEARCH_PATHS = (
					"$(inherited)",
					"@executable_path/Frameworks",
				);
				PRODUCT_BUNDLE_IDENTIFIER = tk.xiukun.www.GlobalLabel;
				PRODUCT_NAME = "$(TARGET_NAME)";
				TARGETED_DEVICE_FAMILY = "1,2";
			};
			name = Release;
		};
/* End XCBuildConfiguration section */

/* Begin XCConfigurationList section */
		B4BA2C7520EA520B00CA362E /* Build configuration list for PBXProject "GlobalLabel" */ = {
			isa = XCConfigurationList;
			buildConfigurations = (
				B4BA2C8E20EA520C00CA362E /* Debug */,
				B4BA2C8F20EA520C00CA362E /* Release */,
			);
			defaultConfigurationIsVisible = 0;
			defaultConfigurationName = Release;
		};
		B4BA2C9020EA520C00CA362E /* Build configuration list for PBXNativeTarget "GlobalLabel" */ = {
			isa = XCConfigurationList;
			buildConfigurations = (
				B4BA2C9120EA520C00CA362E /* Debug */,
				B4BA2C9220EA520C00CA362E /* Release */,
			);
			defaultConfigurationIsVisible = 0;
			defaultConfigurationName = Release;
		};
/* End XCConfigurationList section */
	};
	rootObject = B4BA2C7220EA520B00CA362E /* Project object */;
}
